// !$*UTF8*$!
{
	archiveVersion = 1;
	classes = {
	};
	objectVersion = 46;
	objects = {

/* Begin PBXBuildFile section */
		27F0F26F1B6F482F0063CD05 /* HekrConfig.h in CopyFiles */ = {isa = PBXBuildFile; fileRef = 27F0F26E1B6F482F0063CD05 /* HekrConfig.h */; };
		27F0F2711B6F482F0063CD05 /* HekrConfig.m in Sources */ = {isa = PBXBuildFile; fileRef = 27F0F2701B6F482F0063CD05 /* HekrConfig.m */; };
		27F0F2771B6F482F0063CD05 /* libHekrConfig.a in Frameworks */ = {isa = PBXBuildFile; fileRef = 27F0F26B1B6F482F0063CD05 /* libHekrConfig.a */; };
		27F0F2871B6F4BD90063CD05 /* ScanDevice.m in Sources */ = {isa = PBXBuildFile; fileRef = 27F0F2861B6F4BD90063CD05 /* ScanDevice.m */; };
		27F0F2931B6F4D6D0063CD05 /* GCDAsyncSocket.m in Sources */ = {isa = PBXBuildFile; fileRef = 27F0F28B1B6F4D6D0063CD05 /* GCDAsyncSocket.m */; };
		27F0F2941B6F4D6D0063CD05 /* GCDAsyncUdpSocket.m in Sources */ = {isa = PBXBuildFile; fileRef = 27F0F28D1B6F4D6D0063CD05 /* GCDAsyncUdpSocket.m */; };
		27F0F2951B6F4D6D0063CD05 /* AsyncSocket.m in Sources */ = {isa = PBXBuildFile; fileRef = 27F0F2901B6F4D6D0063CD05 /* AsyncSocket.m */; };
		27F0F2961B6F4D6D0063CD05 /* AsyncUdpSocket.m in Sources */ = {isa = PBXBuildFile; fileRef = 27F0F2921B6F4D6D0063CD05 /* AsyncUdpSocket.m */; };
		27F0F2A01B6F61120063CD05 /* main.m in Sources */ = {isa = PBXBuildFile; fileRef = 27F0F29F1B6F61120063CD05 /* main.m */; };
		27F0F2A31B6F61120063CD05 /* AppDelegate.m in Sources */ = {isa = PBXBuildFile; fileRef = 27F0F2A21B6F61120063CD05 /* AppDelegate.m */; };
		27F0F2A61B6F61120063CD05 /* ViewController.m in Sources */ = {isa = PBXBuildFile; fileRef = 27F0F2A51B6F61120063CD05 /* ViewController.m */; };
		27F0F2A91B6F61120063CD05 /* Main.storyboard in Resources */ = {isa = PBXBuildFile; fileRef = 27F0F2A71B6F61120063CD05 /* Main.storyboard */; };
		27F0F2AB1B6F61120063CD05 /* Images.xcassets in Resources */ = {isa = PBXBuildFile; fileRef = 27F0F2AA1B6F61120063CD05 /* Images.xcassets */; };
		27F0F2AE1B6F61120063CD05 /* LaunchScreen.xib in Resources */ = {isa = PBXBuildFile; fileRef = 27F0F2AC1B6F61120063CD05 /* LaunchScreen.xib */; };
		27F0F2BA1B6F61120063CD05 /* TestAppTests.m in Sources */ = {isa = PBXBuildFile; fileRef = 27F0F2B91B6F61120063CD05 /* TestAppTests.m */; };
		27F0F2D01B6F690D0063CD05 /* UIColor+KVNContrast.m in Sources */ = {isa = PBXBuildFile; fileRef = 27F0F2C41B6F690D0063CD05 /* UIColor+KVNContrast.m */; };
		27F0F2D11B6F690D0063CD05 /* UIImage+KVNEmpty.m in Sources */ = {isa = PBXBuildFile; fileRef = 27F0F2C61B6F690D0063CD05 /* UIImage+KVNEmpty.m */; };
		27F0F2D21B6F690D0063CD05 /* UIImage+KVNImageEffects.m in Sources */ = {isa = PBXBuildFile; fileRef = 27F0F2C81B6F690D0063CD05 /* UIImage+KVNImageEffects.m */; };
		27F0F2D31B6F690D0063CD05 /* KVNProgress.m in Sources */ = {isa = PBXBuildFile; fileRef = 27F0F2CB1B6F690D0063CD05 /* KVNProgress.m */; };
		27F0F2D41B6F690D0063CD05 /* KVNProgressConfiguration.m in Sources */ = {isa = PBXBuildFile; fileRef = 27F0F2CD1B6F690D0063CD05 /* KVNProgressConfiguration.m */; };
		27F0F2D51B6F690D0063CD05 /* KVNProgressView.xib in Resources */ = {isa = PBXBuildFile; fileRef = 27F0F2CF1B6F690D0063CD05 /* KVNProgressView.xib */; };
		27F0F2DC1B7065580063CD05 /* GCDAsyncSocket.m in Sources */ = {isa = PBXBuildFile; fileRef = 27F0F28B1B6F4D6D0063CD05 /* GCDAsyncSocket.m */; };
		27F0F2DD1B70655A0063CD05 /* GCDAsyncUdpSocket.m in Sources */ = {isa = PBXBuildFile; fileRef = 27F0F28D1B6F4D6D0063CD05 /* GCDAsyncUdpSocket.m */; };
		27F0F2DE1B70655E0063CD05 /* AsyncSocket.m in Sources */ = {isa = PBXBuildFile; fileRef = 27F0F2901B6F4D6D0063CD05 /* AsyncSocket.m */; };
		27F0F2DF1B7065620063CD05 /* AsyncUdpSocket.m in Sources */ = {isa = PBXBuildFile; fileRef = 27F0F2921B6F4D6D0063CD05 /* AsyncUdpSocket.m */; };
		27F0F2E21B7065AE0063CD05 /* libHekrConfig.a in Frameworks */ = {isa = PBXBuildFile; fileRef = 27F0F26B1B6F482F0063CD05 /* libHekrConfig.a */; };
/* End PBXBuildFile section */

/* Begin PBXContainerItemProxy section */
		27F0F2781B6F482F0063CD05 /* PBXContainerItemProxy */ = {
			isa = PBXContainerItemProxy;
			containerPortal = 27F0F2631B6F482F0063CD05 /* Project object */;
			proxyType = 1;
			remoteGlobalIDString = 27F0F26A1B6F482F0063CD05;
			remoteInfo = HekrConfig;
		};
		27F0F2B41B6F61120063CD05 /* PBXContainerItemProxy */ = {
			isa = PBXContainerItemProxy;
			containerPortal = 27F0F2631B6F482F0063CD05 /* Project object */;
			proxyType = 1;
			remoteGlobalIDString = 27F0F29A1B6F61120063CD05;
			remoteInfo = TestApp;
		};
		27F0F2E01B7065A30063CD05 /* PBXContainerItemProxy */ = {
			isa = PBXContainerItemProxy;
			containerPortal = 27F0F2631B6F482F0063CD05 /* Project object */;
			proxyType = 1;
			remoteGlobalIDString = 27F0F26A1B6F482F0063CD05;
			remoteInfo = HekrConfig;
		};
/* End PBXContainerItemProxy section */

/* Begin PBXCopyFilesBuildPhase section */
		27F0F2691B6F482F0063CD05 /* CopyFiles */ = {
			isa = PBXCopyFilesBuildPhase;
			buildActionMask = 2147483647;
			dstPath = "include/$(PRODUCT_NAME)";
			dstSubfolderSpec = 16;
			files = (
				27F0F26F1B6F482F0063CD05 /* HekrConfig.h in CopyFiles */,
			);
			runOnlyForDeploymentPostprocessing = 0;
		};
/* End PBXCopyFilesBuildPhase section */

/* Begin PBXFileReference section */
		27A21FBA1BCF65930096753D /* en */ = {isa = PBXFileReference; lastKnownFileType = text.plist.strings; name = en; path = en.lproj/Main.strings; sourceTree = "<group>"; };
		27F0F26B1B6F482F0063CD05 /* libHekrConfig.a */ = {isa = PBXFileReference; explicitFileType = archive.ar; includeInIndex = 0; path = libHekrConfig.a; sourceTree = BUILT_PRODUCTS_DIR; };
		27F0F26E1B6F482F0063CD05 /* HekrConfig.h */ = {isa = PBXFileReference; lastKnownFileType = sourcecode.c.h; path = HekrConfig.h; sourceTree = "<group>"; };
		27F0F2701B6F482F0063CD05 /* HekrConfig.m */ = {isa = PBXFileReference; lastKnownFileType = sourcecode.c.objc; path = HekrConfig.m; sourceTree = "<group>"; };
		27F0F2761B6F482F0063CD05 /* HekrConfigTests.xctest */ = {isa = PBXFileReference; explicitFileType = wrapper.cfbundle; includeInIndex = 0; path = HekrConfigTests.xctest; sourceTree = BUILT_PRODUCTS_DIR; };
		27F0F27C1B6F482F0063CD05 /* Info.plist */ = {isa = PBXFileReference; lastKnownFileType = text.plist.xml; path = Info.plist; sourceTree = "<group>"; };
		27F0F2851B6F4BD90063CD05 /* ScanDevice.h */ = {isa = PBXFileReference; fileEncoding = 4; lastKnownFileType = sourcecode.c.h; path = ScanDevice.h; sourceTree = "<group>"; };
		27F0F2861B6F4BD90063CD05 /* ScanDevice.m */ = {isa = PBXFileReference; fileEncoding = 4; lastKnownFileType = sourcecode.c.objc; path = ScanDevice.m; sourceTree = "<group>"; };
		27F0F28A1B6F4D6D0063CD05 /* GCDAsyncSocket.h */ = {isa = PBXFileReference; fileEncoding = 4; lastKnownFileType = sourcecode.c.h; path = GCDAsyncSocket.h; sourceTree = "<group>"; };
		27F0F28B1B6F4D6D0063CD05 /* GCDAsyncSocket.m */ = {isa = PBXFileReference; fileEncoding = 4; lastKnownFileType = sourcecode.c.objc; path = GCDAsyncSocket.m; sourceTree = "<group>"; };
		27F0F28C1B6F4D6D0063CD05 /* GCDAsyncUdpSocket.h */ = {isa = PBXFileReference; fileEncoding = 4; lastKnownFileType = sourcecode.c.h; path = GCDAsyncUdpSocket.h; sourceTree = "<group>"; };
		27F0F28D1B6F4D6D0063CD05 /* GCDAsyncUdpSocket.m */ = {isa = PBXFileReference; fileEncoding = 4; lastKnownFileType = sourcecode.c.objc; path = GCDAsyncUdpSocket.m; sourceTree = "<group>"; };
		27F0F28F1B6F4D6D0063CD05 /* AsyncSocket.h */ = {isa = PBXFileReference; fileEncoding = 4; lastKnownFileType = sourcecode.c.h; path = AsyncSocket.h; sourceTree = "<group>"; };
		27F0F2901B6F4D6D0063CD05 /* AsyncSocket.m */ = {isa = PBXFileReference; fileEncoding = 4; lastKnownFileType = sourcecode.c.objc; path = AsyncSocket.m; sourceTree = "<group>"; };
		27F0F2911B6F4D6D0063CD05 /* AsyncUdpSocket.h */ = {isa = PBXFileReference; fileEncoding = 4; lastKnownFileType = sourcecode.c.h; path = AsyncUdpSocket.h; sourceTree = "<group>"; };
		27F0F2921B6F4D6D0063CD05 /* AsyncUdpSocket.m */ = {isa = PBXFileReference; fileEncoding = 4; lastKnownFileType = sourcecode.c.objc; path = AsyncUdpSocket.m; sourceTree = "<group>"; };
		27F0F29B1B6F61120063CD05 /* TestApp.app */ = {isa = PBXFileReference; explicitFileType = wrapper.application; includeInIndex = 0; path = TestApp.app; sourceTree = BUILT_PRODUCTS_DIR; };
		27F0F29E1B6F61120063CD05 /* Info.plist */ = {isa = PBXFileReference; lastKnownFileType = text.plist.xml; path = Info.plist; sourceTree = "<group>"; };
		27F0F29F1B6F61120063CD05 /* main.m */ = {isa = PBXFileReference; lastKnownFileType = sourcecode.c.objc; path = main.m; sourceTree = "<group>"; };
		27F0F2A11B6F61120063CD05 /* AppDelegate.h */ = {isa = PBXFileReference; lastKnownFileType = sourcecode.c.h; path = AppDelegate.h; sourceTree = "<group>"; };
		27F0F2A21B6F61120063CD05 /* AppDelegate.m */ = {isa = PBXFileReference; lastKnownFileType = sourcecode.c.objc; path = AppDelegate.m; sourceTree = "<group>"; };
		27F0F2A41B6F61120063CD05 /* ViewController.h */ = {isa = PBXFileReference; lastKnownFileType = sourcecode.c.h; path = ViewController.h; sourceTree = "<group>"; };
		27F0F2A51B6F61120063CD05 /* ViewController.m */ = {isa = PBXFileReference; lastKnownFileType = sourcecode.c.objc; path = ViewController.m; sourceTree = "<group>"; };
		27F0F2A81B6F61120063CD05 /* Base */ = {isa = PBXFileReference; lastKnownFileType = file.storyboard; name = Base; path = Base.lproj/Main.storyboard; sourceTree = "<group>"; };
		27F0F2AA1B6F61120063CD05 /* Images.xcassets */ = {isa = PBXFileReference; lastKnownFileType = folder.assetcatalog; path = Images.xcassets; sourceTree = "<group>"; };
		27F0F2AD1B6F61120063CD05 /* Base */ = {isa = PBXFileReference; lastKnownFileType = file.xib; name = Base; path = Base.lproj/LaunchScreen.xib; sourceTree = "<group>"; };
		27F0F2B31B6F61120063CD05 /* TestAppTests.xctest */ = {isa = PBXFileReference; explicitFileType = wrapper.cfbundle; includeInIndex = 0; path = TestAppTests.xctest; sourceTree = BUILT_PRODUCTS_DIR; };
		27F0F2B81B6F61120063CD05 /* Info.plist */ = {isa = PBXFileReference; lastKnownFileType = text.plist.xml; path = Info.plist; sourceTree = "<group>"; };
		27F0F2B91B6F61120063CD05 /* TestAppTests.m */ = {isa = PBXFileReference; lastKnownFileType = sourcecode.c.objc; path = TestAppTests.m; sourceTree = "<group>"; };
		27F0F2C31B6F690D0063CD05 /* UIColor+KVNContrast.h */ = {isa = PBXFileReference; fileEncoding = 4; lastKnownFileType = sourcecode.c.h; path = "UIColor+KVNContrast.h"; sourceTree = "<group>"; };
		27F0F2C41B6F690D0063CD05 /* UIColor+KVNContrast.m */ = {isa = PBXFileReference; fileEncoding = 4; lastKnownFileType = sourcecode.c.objc; path = "UIColor+KVNContrast.m"; sourceTree = "<group>"; };
		27F0F2C51B6F690D0063CD05 /* UIImage+KVNEmpty.h */ = {isa = PBXFileReference; fileEncoding = 4; lastKnownFileType = sourcecode.c.h; path = "UIImage+KVNEmpty.h"; sourceTree = "<group>"; };
		27F0F2C61B6F690D0063CD05 /* UIImage+KVNEmpty.m */ = {isa = PBXFileReference; fileEncoding = 4; lastKnownFileType = sourcecode.c.objc; path = "UIImage+KVNEmpty.m"; sourceTree = "<group>"; };
		27F0F2C71B6F690D0063CD05 /* UIImage+KVNImageEffects.h */ = {isa = PBXFileReference; fileEncoding = 4; lastKnownFileType = sourcecode.c.h; path = "UIImage+KVNImageEffects.h"; sourceTree = "<group>"; };
		27F0F2C81B6F690D0063CD05 /* UIImage+KVNImageEffects.m */ = {isa = PBXFileReference; fileEncoding = 4; lastKnownFileType = sourcecode.c.objc; path = "UIImage+KVNImageEffects.m"; sourceTree = "<group>"; };
		27F0F2CA1B6F690D0063CD05 /* KVNProgress.h */ = {isa = PBXFileReference; fileEncoding = 4; lastKnownFileType = sourcecode.c.h; path = KVNProgress.h; sourceTree = "<group>"; };
		27F0F2CB1B6F690D0063CD05 /* KVNProgress.m */ = {isa = PBXFileReference; fileEncoding = 4; lastKnownFileType = sourcecode.c.objc; path = KVNProgress.m; sourceTree = "<group>"; };
		27F0F2CC1B6F690D0063CD05 /* KVNProgressConfiguration.h */ = {isa = PBXFileReference; fileEncoding = 4; lastKnownFileType = sourcecode.c.h; path = KVNProgressConfiguration.h; sourceTree = "<group>"; };
		27F0F2CD1B6F690D0063CD05 /* KVNProgressConfiguration.m */ = {isa = PBXFileReference; fileEncoding = 4; lastKnownFileType = sourcecode.c.objc; path = KVNProgressConfiguration.m; sourceTree = "<group>"; };
		27F0F2CF1B6F690D0063CD05 /* KVNProgressView.xib */ = {isa = PBXFileReference; fileEncoding = 4; lastKnownFileType = file.xib; path = KVNProgressView.xib; sourceTree = "<group>"; };
/* End PBXFileReference section */

/* Begin PBXFrameworksBuildPhase section */
		27F0F2681B6F482F0063CD05 /* Frameworks */ = {
			isa = PBXFrameworksBuildPhase;
			buildActionMask = 2147483647;
			files = (
			);
			runOnlyForDeploymentPostprocessing = 0;
		};
		27F0F2731B6F482F0063CD05 /* Frameworks */ = {
			isa = PBXFrameworksBuildPhase;
			buildActionMask = 2147483647;
			files = (
				27F0F2771B6F482F0063CD05 /* libHekrConfig.a in Frameworks */,
			);
			runOnlyForDeploymentPostprocessing = 0;
		};
		27F0F2981B6F61120063CD05 /* Frameworks */ = {
			isa = PBXFrameworksBuildPhase;
			buildActionMask = 2147483647;
			files = (
				27F0F2E21B7065AE0063CD05 /* libHekrConfig.a in Frameworks */,
			);
			runOnlyForDeploymentPostprocessing = 0;
		};
		27F0F2B01B6F61120063CD05 /* Frameworks */ = {
			isa = PBXFrameworksBuildPhase;
			buildActionMask = 2147483647;
			files = (
			);
			runOnlyForDeploymentPostprocessing = 0;
		};
/* End PBXFrameworksBuildPhase section */

/* Begin PBXGroup section */
		27F0F2621B6F482F0063CD05 = {
			isa = PBXGroup;
			children = (
				27F0F26D1B6F482F0063CD05 /* HekrConfig */,
				27F0F27A1B6F482F0063CD05 /* HekrConfigTests */,
				27F0F29C1B6F61120063CD05 /* TestApp */,
				27F0F2B61B6F61120063CD05 /* TestAppTests */,
				27F0F26C1B6F482F0063CD05 /* Products */,
			);
			sourceTree = "<group>";
		};
		27F0F26C1B6F482F0063CD05 /* Products */ = {
			isa = PBXGroup;
			children = (
				27F0F26B1B6F482F0063CD05 /* libHekrConfig.a */,
				27F0F2761B6F482F0063CD05 /* HekrConfigTests.xctest */,
				27F0F29B1B6F61120063CD05 /* TestApp.app */,
				27F0F2B31B6F61120063CD05 /* TestAppTests.xctest */,
			);
			name = Products;
			sourceTree = "<group>";
		};
		27F0F26D1B6F482F0063CD05 /* HekrConfig */ = {
			isa = PBXGroup;
			children = (
				27F0F26E1B6F482F0063CD05 /* HekrConfig.h */,
				27F0F2701B6F482F0063CD05 /* HekrConfig.m */,
				27F0F2851B6F4BD90063CD05 /* ScanDevice.h */,
				27F0F2861B6F4BD90063CD05 /* ScanDevice.m */,
				27F0F2881B6F4D6D0063CD05 /* CocoaAsyncSocket */,
			);
			path = HekrConfig;
			sourceTree = "<group>";
		};
		27F0F27A1B6F482F0063CD05 /* HekrConfigTests */ = {
			isa = PBXGroup;
			children = (
				27F0F27B1B6F482F0063CD05 /* Supporting Files */,
			);
			path = HekrConfigTests;
			sourceTree = "<group>";
		};
		27F0F27B1B6F482F0063CD05 /* Supporting Files */ = {
			isa = PBXGroup;
			children = (
				27F0F27C1B6F482F0063CD05 /* Info.plist */,
			);
			name = "Supporting Files";
			sourceTree = "<group>";
		};
		27F0F2881B6F4D6D0063CD05 /* CocoaAsyncSocket */ = {
			isa = PBXGroup;
			children = (
				27F0F2891B6F4D6D0063CD05 /* GCD */,
				27F0F28E1B6F4D6D0063CD05 /* RunLoop */,
			);
			path = CocoaAsyncSocket;
			sourceTree = "<group>";
		};
		27F0F2891B6F4D6D0063CD05 /* GCD */ = {
			isa = PBXGroup;
			children = (
				27F0F28A1B6F4D6D0063CD05 /* GCDAsyncSocket.h */,
				27F0F28B1B6F4D6D0063CD05 /* GCDAsyncSocket.m */,
				27F0F28C1B6F4D6D0063CD05 /* GCDAsyncUdpSocket.h */,
				27F0F28D1B6F4D6D0063CD05 /* GCDAsyncUdpSocket.m */,
			);
			path = GCD;
			sourceTree = "<group>";
		};
		27F0F28E1B6F4D6D0063CD05 /* RunLoop */ = {
			isa = PBXGroup;
			children = (
				27F0F28F1B6F4D6D0063CD05 /* AsyncSocket.h */,
				27F0F2901B6F4D6D0063CD05 /* AsyncSocket.m */,
				27F0F2911B6F4D6D0063CD05 /* AsyncUdpSocket.h */,
				27F0F2921B6F4D6D0063CD05 /* AsyncUdpSocket.m */,
			);
			path = RunLoop;
			sourceTree = "<group>";
		};
		27F0F29C1B6F61120063CD05 /* TestApp */ = {
			isa = PBXGroup;
			children = (
				27F0F2C11B6F690D0063CD05 /* KVNProgress */,
				27F0F2A11B6F61120063CD05 /* AppDelegate.h */,
				27F0F2A21B6F61120063CD05 /* AppDelegate.m */,
				27F0F2A41B6F61120063CD05 /* ViewController.h */,
				27F0F2A51B6F61120063CD05 /* ViewController.m */,
				27F0F2A71B6F61120063CD05 /* Main.storyboard */,
				27F0F2AA1B6F61120063CD05 /* Images.xcassets */,
				27F0F2AC1B6F61120063CD05 /* LaunchScreen.xib */,
				27F0F29D1B6F61120063CD05 /* Supporting Files */,
			);
			path = TestApp;
			sourceTree = "<group>";
		};
		27F0F29D1B6F61120063CD05 /* Supporting Files */ = {
			isa = PBXGroup;
			children = (
				27F0F29E1B6F61120063CD05 /* Info.plist */,
				27F0F29F1B6F61120063CD05 /* main.m */,
			);
			name = "Supporting Files";
			sourceTree = "<group>";
		};
		27F0F2B61B6F61120063CD05 /* TestAppTests */ = {
			isa = PBXGroup;
			children = (
				27F0F2B91B6F61120063CD05 /* TestAppTests.m */,
				27F0F2B71B6F61120063CD05 /* Supporting Files */,
			);
			path = TestAppTests;
			sourceTree = "<group>";
		};
		27F0F2B71B6F61120063CD05 /* Supporting Files */ = {
			isa = PBXGroup;
			children = (
				27F0F2B81B6F61120063CD05 /* Info.plist */,
			);
			name = "Supporting Files";
			sourceTree = "<group>";
		};
		27F0F2C11B6F690D0063CD05 /* KVNProgress */ = {
			isa = PBXGroup;
			children = (
				27F0F2C21B6F690D0063CD05 /* Categories */,
				27F0F2C91B6F690D0063CD05 /* Classes */,
				27F0F2CE1B6F690D0063CD05 /* Resources */,
			);
			path = KVNProgress;
			sourceTree = "<group>";
		};
		27F0F2C21B6F690D0063CD05 /* Categories */ = {
			isa = PBXGroup;
			children = (
				27F0F2C31B6F690D0063CD05 /* UIColor+KVNContrast.h */,
				27F0F2C41B6F690D0063CD05 /* UIColor+KVNContrast.m */,
				27F0F2C51B6F690D0063CD05 /* UIImage+KVNEmpty.h */,
				27F0F2C61B6F690D0063CD05 /* UIImage+KVNEmpty.m */,
				27F0F2C71B6F690D0063CD05 /* UIImage+KVNImageEffects.h */,
				27F0F2C81B6F690D0063CD05 /* UIImage+KVNImageEffects.m */,
			);
			path = Categories;
			sourceTree = "<group>";
		};
		27F0F2C91B6F690D0063CD05 /* Classes */ = {
			isa = PBXGroup;
			children = (
				27F0F2CA1B6F690D0063CD05 /* KVNProgress.h */,
				27F0F2CB1B6F690D0063CD05 /* KVNProgress.m */,
				27F0F2CC1B6F690D0063CD05 /* KVNProgressConfiguration.h */,
				27F0F2CD1B6F690D0063CD05 /* KVNProgressConfiguration.m */,
			);
			path = Classes;
			sourceTree = "<group>";
		};
		27F0F2CE1B6F690D0063CD05 /* Resources */ = {
			isa = PBXGroup;
			children = (
				27F0F2CF1B6F690D0063CD05 /* KVNProgressView.xib */,
			);
			path = Resources;
			sourceTree = "<group>";
		};
/* End PBXGroup section */

/* Begin PBXNativeTarget section */
		27F0F26A1B6F482F0063CD05 /* HekrConfig */ = {
			isa = PBXNativeTarget;
			buildConfigurationList = 27F0F27F1B6F482F0063CD05 /* Build configuration list for PBXNativeTarget "HekrConfig" */;
			buildPhases = (
				27F0F2671B6F482F0063CD05 /* Sources */,
				27F0F2681B6F482F0063CD05 /* Frameworks */,
				27F0F2691B6F482F0063CD05 /* CopyFiles */,
			);
			buildRules = (
			);
			dependencies = (
			);
			name = HekrConfig;
			productName = HekrConfig;
			productReference = 27F0F26B1B6F482F0063CD05 /* libHekrConfig.a */;
			productType = "com.apple.product-type.library.static";
		};
		27F0F2751B6F482F0063CD05 /* HekrConfigTests */ = {
			isa = PBXNativeTarget;
			buildConfigurationList = 27F0F2821B6F482F0063CD05 /* Build configuration list for PBXNativeTarget "HekrConfigTests" */;
			buildPhases = (
				27F0F2721B6F482F0063CD05 /* Sources */,
				27F0F2731B6F482F0063CD05 /* Frameworks */,
				27F0F2741B6F482F0063CD05 /* Resources */,
			);
			buildRules = (
			);
			dependencies = (
				27F0F2791B6F482F0063CD05 /* PBXTargetDependency */,
			);
			name = HekrConfigTests;
			productName = HekrConfigTests;
			productReference = 27F0F2761B6F482F0063CD05 /* HekrConfigTests.xctest */;
			productType = "com.apple.product-type.bundle.unit-test";
		};
		27F0F29A1B6F61120063CD05 /* TestApp */ = {
			isa = PBXNativeTarget;
			buildConfigurationList = 27F0F2BB1B6F61120063CD05 /* Build configuration list for PBXNativeTarget "TestApp" */;
			buildPhases = (
				27F0F2971B6F61120063CD05 /* Sources */,
				27F0F2981B6F61120063CD05 /* Frameworks */,
				27F0F2991B6F61120063CD05 /* Resources */,
			);
			buildRules = (
			);
			dependencies = (
				27F0F2E11B7065A30063CD05 /* PBXTargetDependency */,
			);
			name = TestApp;
			productName = TestApp;
			productReference = 27F0F29B1B6F61120063CD05 /* TestApp.app */;
			productType = "com.apple.product-type.application";
		};
		27F0F2B21B6F61120063CD05 /* TestAppTests */ = {
			isa = PBXNativeTarget;
			buildConfigurationList = 27F0F2BE1B6F61120063CD05 /* Build configuration list for PBXNativeTarget "TestAppTests" */;
			buildPhases = (
				27F0F2AF1B6F61120063CD05 /* Sources */,
				27F0F2B01B6F61120063CD05 /* Frameworks */,
				27F0F2B11B6F61120063CD05 /* Resources */,
			);
			buildRules = (
			);
			dependencies = (
				27F0F2B51B6F61120063CD05 /* PBXTargetDependency */,
			);
			name = TestAppTests;
			productName = TestAppTests;
			productReference = 27F0F2B31B6F61120063CD05 /* TestAppTests.xctest */;
			productType = "com.apple.product-type.bundle.unit-test";
		};
/* End PBXNativeTarget section */

/* Begin PBXProject section */
		27F0F2631B6F482F0063CD05 /* Project object */ = {
			isa = PBXProject;
			attributes = {
				LastUpgradeCheck = 0640;
				ORGANIZATIONNAME = Hekr;
				TargetAttributes = {
					27F0F26A1B6F482F0063CD05 = {
						CreatedOnToolsVersion = 6.4;
					};
					27F0F2751B6F482F0063CD05 = {
						CreatedOnToolsVersion = 6.4;
					};
					27F0F29A1B6F61120063CD05 = {
						CreatedOnToolsVersion = 6.4;
						DevelopmentTeam = 6WDB9C7995;
						SystemCapabilities = {
							com.apple.BackgroundModes = {
								enabled = 1;
							};
						};
					};
					27F0F2B21B6F61120063CD05 = {
						CreatedOnToolsVersion = 6.4;
						TestTargetID = 27F0F29A1B6F61120063CD05;
					};
				};
			};
			buildConfigurationList = 27F0F2661B6F482F0063CD05 /* Build configuration list for PBXProject "HekrConfig" */;
			compatibilityVersion = "Xcode 3.2";
			developmentRegion = English;
			hasScannedForEncodings = 0;
			knownRegions = (
				en,
				Base,
			);
			mainGroup = 27F0F2621B6F482F0063CD05;
			productRefGroup = 27F0F26C1B6F482F0063CD05 /* Products */;
			projectDirPath = "";
			projectRoot = "";
			targets = (
				27F0F26A1B6F482F0063CD05 /* HekrConfig */,
				27F0F2751B6F482F0063CD05 /* HekrConfigTests */,
				27F0F29A1B6F61120063CD05 /* TestApp */,
				27F0F2B21B6F61120063CD05 /* TestAppTests */,
			);
		};
/* End PBXProject section */

/* Begin PBXResourcesBuildPhase section */
		27F0F2741B6F482F0063CD05 /* Resources */ = {
			isa = PBXResourcesBuildPhase;
			buildActionMask = 2147483647;
			files = (
			);
			runOnlyForDeploymentPostprocessing = 0;
		};
		27F0F2991B6F61120063CD05 /* Resources */ = {
			isa = PBXResourcesBuildPhase;
			buildActionMask = 2147483647;
			files = (
				27F0F2A91B6F61120063CD05 /* Main.storyboard in Resources */,
				27F0F2AE1B6F61120063CD05 /* LaunchScreen.xib in Resources */,
				27F0F2AB1B6F61120063CD05 /* Images.xcassets in Resources */,
				27F0F2D51B6F690D0063CD05 /* KVNProgressView.xib in Resources */,
			);
			runOnlyForDeploymentPostprocessing = 0;
		};
		27F0F2B11B6F61120063CD05 /* Resources */ = {
			isa = PBXResourcesBuildPhase;
			buildActionMask = 2147483647;
			files = (
			);
			runOnlyForDeploymentPostprocessing = 0;
		};
/* End PBXResourcesBuildPhase section */

/* Begin PBXSourcesBuildPhase section */
		27F0F2671B6F482F0063CD05 /* Sources */ = {
			isa = PBXSourcesBuildPhase;
			buildActionMask = 2147483647;
			files = (
				27F0F2DD1B70655A0063CD05 /* GCDAsyncUdpSocket.m in Sources */,
				27F0F2871B6F4BD90063CD05 /* ScanDevice.m in Sources */,
				27F0F2711B6F482F0063CD05 /* HekrConfig.m in Sources */,
				27F0F2DC1B7065580063CD05 /* GCDAsyncSocket.m in Sources */,
				27F0F2DE1B70655E0063CD05 /* AsyncSocket.m in Sources */,
				27F0F2DF1B7065620063CD05 /* AsyncUdpSocket.m in Sources */,
			);
			runOnlyForDeploymentPostprocessing = 0;
		};
		27F0F2721B6F482F0063CD05 /* Sources */ = {
			isa = PBXSourcesBuildPhase;
			buildActionMask = 2147483647;
			files = (
				27F0F2951B6F4D6D0063CD05 /* AsyncSocket.m in Sources */,
				27F0F2941B6F4D6D0063CD05 /* GCDAsyncUdpSocket.m in Sources */,
				27F0F2931B6F4D6D0063CD05 /* GCDAsyncSocket.m in Sources */,
				27F0F2961B6F4D6D0063CD05 /* AsyncUdpSocket.m in Sources */,
			);
			runOnlyForDeploymentPostprocessing = 0;
		};
		27F0F2971B6F61120063CD05 /* Sources */ = {
			isa = PBXSourcesBuildPhase;
			buildActionMask = 2147483647;
			files = (
				27F0F2D21B6F690D0063CD05 /* UIImage+KVNImageEffects.m in Sources */,
				27F0F2D41B6F690D0063CD05 /* KVNProgressConfiguration.m in Sources */,
				27F0F2A61B6F61120063CD05 /* ViewController.m in Sources */,
				27F0F2D01B6F690D0063CD05 /* UIColor+KVNContrast.m in Sources */,
				27F0F2D11B6F690D0063CD05 /* UIImage+KVNEmpty.m in Sources */,
				27F0F2A31B6F61120063CD05 /* AppDelegate.m in Sources */,
				27F0F2D31B6F690D0063CD05 /* KVNProgress.m in Sources */,
				27F0F2A01B6F61120063CD05 /* main.m in Sources */,
			);
			runOnlyForDeploymentPostprocessing = 0;
		};
		27F0F2AF1B6F61120063CD05 /* Sources */ = {
			isa = PBXSourcesBuildPhase;
			buildActionMask = 2147483647;
			files = (
				27F0F2BA1B6F61120063CD05 /* TestAppTests.m in Sources */,
			);
			runOnlyForDeploymentPostprocessing = 0;
		};
/* End PBXSourcesBuildPhase section */

/* Begin PBXTargetDependency section */
		27F0F2791B6F482F0063CD05 /* PBXTargetDependency */ = {
			isa = PBXTargetDependency;
			target = 27F0F26A1B6F482F0063CD05 /* HekrConfig */;
			targetProxy = 27F0F2781B6F482F0063CD05 /* PBXContainerItemProxy */;
		};
		27F0F2B51B6F61120063CD05 /* PBXTargetDependency */ = {
			isa = PBXTargetDependency;
			target = 27F0F29A1B6F61120063CD05 /* TestApp */;
			targetProxy = 27F0F2B41B6F61120063CD05 /* PBXContainerItemProxy */;
		};
		27F0F2E11B7065A30063CD05 /* PBXTargetDependency */ = {
			isa = PBXTargetDependency;
			target = 27F0F26A1B6F482F0063CD05 /* HekrConfig */;
			targetProxy = 27F0F2E01B7065A30063CD05 /* PBXContainerItemProxy */;
		};
/* End PBXTargetDependency section */

/* Begin PBXVariantGroup section */
		27F0F2A71B6F61120063CD05 /* Main.storyboard */ = {
			isa = PBXVariantGroup;
			children = (
				27F0F2A81B6F61120063CD05 /* Base */,
				27A21FBA1BCF65930096753D /* en */,
			);
			name = Main.storyboard;
			sourceTree = "<group>";
		};
		27F0F2AC1B6F61120063CD05 /* LaunchScreen.xib */ = {
			isa = PBXVariantGroup;
			children = (
				27F0F2AD1B6F61120063CD05 /* Base */,
			);
			name = LaunchScreen.xib;
			sourceTree = "<group>";
		};
/* End PBXVariantGroup section */

/* Begin XCBuildConfiguration section */
		27F0F27D1B6F482F0063CD05 /* Debug */ = {
			isa = XCBuildConfiguration;
			buildSettings = {
				ALWAYS_SEARCH_USER_PATHS = NO;
				CLANG_CXX_LANGUAGE_STANDARD = "gnu++0x";
				CLANG_CXX_LIBRARY = "libc++";
				CLANG_ENABLE_MODULES = YES;
				CLANG_ENABLE_OBJC_ARC = YES;
				CLANG_WARN_BOOL_CONVERSION = YES;
				CLANG_WARN_CONSTANT_CONVERSION = YES;
				CLANG_WARN_DIRECT_OBJC_ISA_USAGE = YES_ERROR;
				CLANG_WARN_EMPTY_BODY = YES;
				CLANG_WARN_ENUM_CONVERSION = YES;
				CLANG_WARN_INT_CONVERSION = YES;
				CLANG_WARN_OBJC_ROOT_CLASS = YES_ERROR;
				CLANG_WARN_UNREACHABLE_CODE = YES;
				CLANG_WARN__DUPLICATE_METHOD_MATCH = YES;
				COPY_PHASE_STRIP = NO;
				DEBUG_INFORMATION_FORMAT = "dwarf-with-dsym";
				ENABLE_STRICT_OBJC_MSGSEND = YES;
				GCC_C_LANGUAGE_STANDARD = gnu99;
				GCC_DYNAMIC_NO_PIC = NO;
				GCC_NO_COMMON_BLOCKS = YES;
				GCC_OPTIMIZATION_LEVEL = 0;
				GCC_PREPROCESSOR_DEFINITIONS = (
					"DEBUG=1",
					"$(inherited)",
				);
				GCC_SYMBOLS_PRIVATE_EXTERN = NO;
				GCC_WARN_64_TO_32_BIT_CONVERSION = YES;
				GCC_WARN_ABOUT_RETURN_TYPE = YES_ERROR;
				GCC_WARN_UNDECLARED_SELECTOR = YES;
				GCC_WARN_UNINITIALIZED_AUTOS = YES_AGGRESSIVE;
				GCC_WARN_UNUSED_FUNCTION = YES;
				GCC_WARN_UNUSED_VARIABLE = YES;
				IPHONEOS_DEPLOYMENT_TARGET = 8.4;
				MTL_ENABLE_DEBUG_INFO = YES;
				ONLY_ACTIVE_ARCH = YES;
				SDKROOT = iphoneos;
			};
			name = Debug;
		};
		27F0F27E1B6F482F0063CD05 /* Release */ = {
			isa = XCBuildConfiguration;
			buildSettings = {
				ALWAYS_SEARCH_USER_PATHS = NO;
				CLANG_CXX_LANGUAGE_STANDARD = "gnu++0x";
				CLANG_CXX_LIBRARY = "libc++";
				CLANG_ENABLE_MODULES = YES;
				CLANG_ENABLE_OBJC_ARC = YES;
				CLANG_WARN_BOOL_CONVERSION = YES;
				CLANG_WARN_CONSTANT_CONVERSION = YES;
				CLANG_WARN_DIRECT_OBJC_ISA_USAGE = YES_ERROR;
				CLANG_WARN_EMPTY_BODY = YES;
				CLANG_WARN_ENUM_CONVERSION = YES;
				CLANG_WARN_INT_CONVERSION = YES;
				CLANG_WARN_OBJC_ROOT_CLASS = YES_ERROR;
				CLANG_WARN_UNREACHABLE_CODE = YES;
				CLANG_WARN__DUPLICATE_METHOD_MATCH = YES;
				COPY_PHASE_STRIP = NO;
				DEBUG_INFORMATION_FORMAT = "dwarf-with-dsym";
				ENABLE_NS_ASSERTIONS = NO;
				ENABLE_STRICT_OBJC_MSGSEND = YES;
				GCC_C_LANGUAGE_STANDARD = gnu99;
				GCC_NO_COMMON_BLOCKS = YES;
				GCC_WARN_64_TO_32_BIT_CONVERSION = YES;
				GCC_WARN_ABOUT_RETURN_TYPE = YES_ERROR;
				GCC_WARN_UNDECLARED_SELECTOR = YES;
				GCC_WARN_UNINITIALIZED_AUTOS = YES_AGGRESSIVE;
				GCC_WARN_UNUSED_FUNCTION = YES;
				GCC_WARN_UNUSED_VARIABLE = YES;
				IPHONEOS_DEPLOYMENT_TARGET = 8.4;
				MTL_ENABLE_DEBUG_INFO = NO;
				SDKROOT = iphoneos;
				VALIDATE_PRODUCT = YES;
			};
			name = Release;
		};
		27F0F2801B6F482F0063CD05 /* Debug */ = {
			isa = XCBuildConfiguration;
			buildSettings = {
				IPHONEOS_DEPLOYMENT_TARGET = 7.0;
				OTHER_LDFLAGS = "-ObjC";
				PRODUCT_NAME = "$(TARGET_NAME)";
				SKIP_INSTALL = YES;
			};
			name = Debug;
		};
		27F0F2811B6F482F0063CD05 /* Release */ = {
			isa = XCBuildConfiguration;
			buildSettings = {
				IPHONEOS_DEPLOYMENT_TARGET = 7.0;
				OTHER_LDFLAGS = "-ObjC";
				PRODUCT_NAME = "$(TARGET_NAME)";
				SKIP_INSTALL = YES;
			};
			name = Release;
		};
		27F0F2831B6F482F0063CD05 /* Debug */ = {
			isa = XCBuildConfiguration;
			buildSettings = {
				"CODE_SIGN_IDENTITY[sdk=iphoneos*]" = "iPhone Developer";
				FRAMEWORK_SEARCH_PATHS = (
					"$(SDKROOT)/Developer/Library/Frameworks",
					"$(inherited)",
				);
				GCC_PREPROCESSOR_DEFINITIONS = (
					"DEBUG=1",
					"$(inherited)",
				);
				INFOPLIST_FILE = HekrConfigTests/Info.plist;
				LD_RUNPATH_SEARCH_PATHS = "$(inherited) @executable_path/Frameworks @loader_path/Frameworks";
				PRODUCT_NAME = "$(TARGET_NAME)";
			};
			name = Debug;
		};
		27F0F2841B6F482F0063CD05 /* Release */ = {
			isa = XCBuildConfiguration;
			buildSettings = {
				"CODE_SIGN_IDENTITY[sdk=iphoneos*]" = "iPhone Developer";
				FRAMEWORK_SEARCH_PATHS = (
					"$(SDKROOT)/Developer/Library/Frameworks",
					"$(inherited)",
				);
				INFOPLIST_FILE = HekrConfigTests/Info.plist;
				LD_RUNPATH_SEARCH_PATHS = "$(inherited) @executable_path/Frameworks @loader_path/Frameworks";
				PRODUCT_NAME = "$(TARGET_NAME)";
			};
			name = Release;
		};
		27F0F2BC1B6F61120063CD05 /* Debug */ = {
			isa = XCBuildConfiguration;
			buildSettings = {
				ASSETCATALOG_COMPILER_APPICON_NAME = AppIcon;
				CODE_SIGN_IDENTITY = "iPhone Developer";
				"CODE_SIGN_IDENTITY[sdk=iphoneos*]" = "iPhone Developer";
				GCC_PREPROCESSOR_DEFINITIONS = (
					"DEBUG=1",
					"$(inherited)",
				);
				INFOPLIST_FILE = TestApp/Info.plist;
				IPHONEOS_DEPLOYMENT_TARGET = 7.0;
				LD_RUNPATH_SEARCH_PATHS = "$(inherited) @executable_path/Frameworks";
				PRODUCT_BUNDLE_IDENTIFIER = me.hekr.test;
				PRODUCT_NAME = "$(TARGET_NAME)";
				PROVISIONING_PROFILE = "";
				TARGETED_DEVICE_FAMILY = "1,2";
			};
			name = Debug;
		};
		27F0F2BD1B6F61120063CD05 /* Release */ = {
			isa = XCBuildConfiguration;
			buildSettings = {
				ASSETCATALOG_COMPILER_APPICON_NAME = AppIcon;
				CODE_SIGN_IDENTITY = "iPhone Developer";
				"CODE_SIGN_IDENTITY[sdk=iphoneos*]" = "iPhone Developer";
				INFOPLIST_FILE = TestApp/Info.plist;
				IPHONEOS_DEPLOYMENT_TARGET = 7.0;
				LD_RUNPATH_SEARCH_PATHS = "$(inherited) @executable_path/Frameworks";
				PRODUCT_BUNDLE_IDENTIFIER = me.hekr.test;
				PRODUCT_NAME = "$(TARGET_NAME)";
				PROVISIONING_PROFILE = "";
				TARGETED_DEVICE_FAMILY = "1,2";
			};
			name = Release;
		};
		27F0F2BF1B6F61120063CD05 /* Debug */ = {
			isa = XCBuildConfiguration;
			buildSettings = {
				BUNDLE_LOADER = "$(TEST_HOST)";
				FRAMEWORK_SEARCH_PATHS = (
					"$(SDKROOT)/Developer/Library/Frameworks",
					"$(inherited)",
				);
				GCC_PREPROCESSOR_DEFINITIONS = (
					"DEBUG=1",
					"$(inherited)",
				);
				INFOPLIST_FILE = TestAppTests/Info.plist;
				LD_RUNPATH_SEARCH_PATHS = "$(inherited) @executable_path/Frameworks @loader_path/Frameworks";
				PRODUCT_NAME = "$(TARGET_NAME)";
				TEST_HOST = "$(BUILT_PRODUCTS_DIR)/TestApp.app/TestApp";
			};
			name = Debug;
		};
		27F0F2C01B6F61120063CD05 /* Release */ = {
			isa = XCBuildConfiguration;
			buildSettings = {
				BUNDLE_LOADER = "$(TEST_HOST)";
				FRAMEWORK_SEARCH_PATHS = (
					"$(SDKROOT)/Developer/Library/Frameworks",
					"$(inherited)",
				);
				INFOPLIST_FILE = TestAppTests/Info.plist;
				LD_RUNPATH_SEARCH_PATHS = "$(inherited) @executable_path/Frameworks @loader_path/Frameworks";
				PRODUCT_NAME = "$(TARGET_NAME)";
				TEST_HOST = "$(BUILT_PRODUCTS_DIR)/TestApp.app/TestApp";
			};
			name = Release;
		};
/* End XCBuildConfiguration section */

/* Begin XCConfigurationList section */
		27F0F2661B6F482F0063CD05 /* Build configuration list for PBXProject "HekrConfig" */ = {
			isa = XCConfigurationList;
			buildConfigurations = (
				27F0F27D1B6F482F0063CD05 /* Debug */,
				27F0F27E1B6F482F0063CD05 /* Release */,
			);
			defaultConfigurationIsVisible = 0;
			defaultConfigurationName = Release;
		};
		27F0F27F1B6F482F0063CD05 /* Build configuration list for PBXNativeTarget "HekrConfig" */ = {
			isa = XCConfigurationList;
			buildConfigurations = (
				27F0F2801B6F482F0063CD05 /* Debug */,
				27F0F2811B6F482F0063CD05 /* Release */,
			);
			defaultConfigurationIsVisible = 0;
			defaultConfigurationName = Release;
		};
		27F0F2821B6F482F0063CD05 /* Build configuration list for PBXNativeTarget "HekrConfigTests" */ = {
			isa = XCConfigurationList;
			buildConfigurations = (
				27F0F2831B6F482F0063CD05 /* Debug */,
				27F0F2841B6F482F0063CD05 /* Release */,
			);
			defaultConfigurationIsVisible = 0;
			defaultConfigurationName = Release;
		};
		27F0F2BB1B6F61120063CD05 /* Build configuration list for PBXNativeTarget "TestApp" */ = {
			isa = XCConfigurationList;
			buildConfigurations = (
				27F0F2BC1B6F61120063CD05 /* Debug */,
				27F0F2BD1B6F61120063CD05 /* Release */,
			);
			defaultConfigurationIsVisible = 0;
			defaultConfigurationName = Release;
		};
		27F0F2BE1B6F61120063CD05 /* Build configuration list for PBXNativeTarget "TestAppTests" */ = {
			isa = XCConfigurationList;
			buildConfigurations = (
				27F0F2BF1B6F61120063CD05 /* Debug */,
				27F0F2C01B6F61120063CD05 /* Release */,
			);
			defaultConfigurationIsVisible = 0;
			defaultConfigurationName = Release;
		};
/* End XCConfigurationList section */
	};
	rootObject = 27F0F2631B6F482F0063CD05 /* Project object */;
}
